
Microsoft Visual Studio Solution File, Format Version 12.00
# Visual Studio Version 17
VisualStudioVersion = 17.2.32630.192
MinimumVisualStudioVersion = 10.0.40219.1
Project("{9A19103F-16F7-4668-BE54-9A1E7A4F7556}") = "Safe.Storage", "Safe.Storage\Safe.Storage.csproj", "{2D478989-A088-4DB8-B7EA-3FB980520F28}"
EndProject
Project("{2150E333-8FDC-42A3-9474-1A3956D46DE8}") = "Tests", "Tests", "{03EB4ADB-B0E3-45EB-904A-32E1EB9B8777}"
EndProject
Project("{9A19103F-16F7-4668-BE54-9A1E7A4F7556}") = "Safe.Storage.Tests", "Safe.Storage.Tests\Safe.Storage.Tests.csproj", "{769CE728-B850-4B6B-AD87-ABD05A8A5BAA}"
EndProject
Project("{9A19103F-16F7-4668-BE54-9A1E7A4F7556}") = "Safe.Domain", "Safe.Domain\Safe.Domain.csproj", "{71D416F4-F6AB-4D1A-AAC8-E830E7715846}"
EndProject
Project("{9A19103F-16F7-4668-BE54-9A1E7A4F7556}") = "Safe.Domain.Tests", "Safe.Domain.Tests\Safe.Domain.Tests.csproj", "{D0EBF708-C821-4254-BCAE-1E9CEC6B557D}"
EndProject
Project("{9A19103F-16F7-4668-BE54-9A1E7A4F7556}") = "Safe", "Safe\Safe.csproj", "{83700483-358A-4B86-B695-4331AE4BC6F6}"
EndProject
Project("{9A19103F-16F7-4668-BE54-9A1E7A4F7556}") = "Safe.Search", "Safe.Search\Safe.Search.csproj", "{040F64CA-A474-4594-8615-1684144B6104}"
EndProject
Project("{9A19103F-16F7-4668-BE54-9A1E7A4F7556}") = "Safe.Search.Tests", "Safe.Search.Tests\Safe.Search.Tests.csproj", "{978B9A3D-4F16-4E47-9D54-0EF41CD87410}"
EndProject
Project("{9A19103F-16F7-4668-BE54-9A1E7A4F7556}") = "Safe.Tests", "Safe.Tests\Safe.Tests.csproj", "{855AA01A-93F2-4B17-AED7-26FFEB2137B3}"
EndProject
Global
	GlobalSection(SolutionConfigurationPlatforms) = preSolution
		Debug|Any CPU = Debug|Any CPU
		Debug|ARM = Debug|ARM
		Debug|ARM64 = Debug|ARM64
		Debug|x64 = Debug|x64
		Debug|x86 = Debug|x86
		Release|Any CPU = Release|Any CPU
		Release|ARM = Release|ARM
		Release|ARM64 = Release|ARM64
		Release|x64 = Release|x64
		Release|x86 = Release|x86
	EndGlobalSection
	GlobalSection(ProjectConfigurationPlatforms) = postSolution
		{2D478989-A088-4DB8-B7EA-3FB980520F28}.Debug|Any CPU.ActiveCfg = Debug|Any CPU
		{2D478989-A088-4DB8-B7EA-3FB980520F28}.Debug|Any CPU.Build.0 = Debug|Any CPU
		{2D478989-A088-4DB8-B7EA-3FB980520F28}.Debug|ARM.ActiveCfg = Debug|Any CPU
		{2D478989-A088-4DB8-B7EA-3FB980520F28}.Debug|ARM.Build.0 = Debug|Any CPU
		{2D478989-A088-4DB8-B7EA-3FB980520F28}.Debug|ARM64.ActiveCfg = Debug|Any CPU
		{2D478989-A088-4DB8-B7EA-3FB980520F28}.Debug|ARM64.Build.0 = Debug|Any CPU
		{2D478989-A088-4DB8-B7EA-3FB980520F28}.Debug|x64.ActiveCfg = Debug|Any CPU
		{2D478989-A088-4DB8-B7EA-3FB980520F28}.Debug|x64.Build.0 = Debug|Any CPU
		{2D478989-A088-4DB8-B7EA-3FB980520F28}.Debug|x86.ActiveCfg = Debug|Any CPU
		{2D478989-A088-4DB8-B7EA-3FB980520F28}.Debug|x86.Build.0 = Debug|Any CPU
		{2D478989-A088-4DB8-B7EA-3FB980520F28}.Release|Any CPU.ActiveCfg = Release|Any CPU
		{2D478989-A088-4DB8-B7EA-3FB980520F28}.Release|Any CPU.Build.0 = Release|Any CPU
		{2D478989-A088-4DB8-B7EA-3FB980520F28}.Release|ARM.ActiveCfg = Release|Any CPU
		{2D478989-A088-4DB8-B7EA-3FB980520F28}.Release|ARM.Build.0 = Release|Any CPU
		{2D478989-A088-4DB8-B7EA-3FB980520F28}.Release|ARM64.ActiveCfg = Release|Any CPU
		{2D478989-A088-4DB8-B7EA-3FB980520F28}.Release|ARM64.Build.0 = Release|Any CPU
		{2D478989-A088-4DB8-B7EA-3FB980520F28}.Release|x64.ActiveCfg = Release|Any CPU
		{2D478989-A088-4DB8-B7EA-3FB980520F28}.Release|x64.Build.0 = Release|Any CPU
		{2D478989-A088-4DB8-B7EA-3FB980520F28}.Release|x86.ActiveCfg = Release|Any CPU
		{2D478989-A088-4DB8-B7EA-3FB980520F28}.Release|x86.Build.0 = Release|Any CPU
		{769CE728-B850-4B6B-AD87-ABD05A8A5BAA}.Debug|Any CPU.ActiveCfg = Debug|Any CPU
		{769CE728-B850-4B6B-AD87-ABD05A8A5BAA}.Debug|Any CPU.Build.0 = Debug|Any CPU
		{769CE728-B850-4B6B-AD87-ABD05A8A5BAA}.Debug|ARM.ActiveCfg = Debug|Any CPU
		{769CE728-B850-4B6B-AD87-ABD05A8A5BAA}.Debug|ARM.Build.0 = Debug|Any CPU
		{769CE728-B850-4B6B-AD87-ABD05A8A5BAA}.Debug|ARM64.ActiveCfg = Debug|Any CPU
		{769CE728-B850-4B6B-AD87-ABD05A8A5BAA}.Debug|ARM64.Build.0 = Debug|Any CPU
		{769CE728-B850-4B6B-AD87-ABD05A8A5BAA}.Debug|x64.ActiveCfg = Debug|Any CPU
		{769CE728-B850-4B6B-AD87-ABD05A8A5BAA}.Debug|x64.Build.0 = Debug|Any CPU
		{769CE728-B850-4B6B-AD87-ABD05A8A5BAA}.Debug|x86.ActiveCfg = Debug|Any CPU
		{769CE728-B850-4B6B-AD87-ABD05A8A5BAA}.Debug|x86.Build.0 = Debug|Any CPU
		{769CE728-B850-4B6B-AD87-ABD05A8A5BAA}.Release|Any CPU.ActiveCfg = Release|Any CPU
		{769CE728-B850-4B6B-AD87-ABD05A8A5BAA}.Release|Any CPU.Build.0 = Release|Any CPU
		{769CE728-B850-4B6B-AD87-ABD05A8A5BAA}.Release|ARM.ActiveCfg = Release|Any CPU
		{769CE728-B850-4B6B-AD87-ABD05A8A5BAA}.Release|ARM.Build.0 = Release|Any CPU
		{769CE728-B850-4B6B-AD87-ABD05A8A5BAA}.Release|ARM64.ActiveCfg = Release|Any CPU
		{769CE728-B850-4B6B-AD87-ABD05A8A5BAA}.Release|ARM64.Build.0 = Release|Any CPU
		{769CE728-B850-4B6B-AD87-ABD05A8A5BAA}.Release|x64.ActiveCfg = Release|Any CPU
		{769CE728-B850-4B6B-AD87-ABD05A8A5BAA}.Release|x64.Build.0 = Release|Any CPU
		{769CE728-B850-4B6B-AD87-ABD05A8A5BAA}.Release|x86.ActiveCfg = Release|Any CPU
		{769CE728-B850-4B6B-AD87-ABD05A8A5BAA}.Release|x86.Build.0 = Release|Any CPU
		{71D416F4-F6AB-4D1A-AAC8-E830E7715846}.Debug|Any CPU.ActiveCfg = Debug|Any CPU
		{71D416F4-F6AB-4D1A-AAC8-E830E7715846}.Debug|Any CPU.Build.0 = Debug|Any CPU
		{71D416F4-F6AB-4D1A-AAC8-E830E7715846}.Debug|ARM.ActiveCfg = Debug|Any CPU
		{71D416F4-F6AB-4D1A-AAC8-E830E7715846}.Debug|ARM.Build.0 = Debug|Any CPU
		{71D416F4-F6AB-4D1A-AAC8-E830E7715846}.Debug|ARM64.ActiveCfg = Debug|Any CPU
		{71D416F4-F6AB-4D1A-AAC8-E830E7715846}.Debug|ARM64.Build.0 = Debug|Any CPU
		{71D416F4-F6AB-4D1A-AAC8-E830E7715846}.Debug|x64.ActiveCfg = Debug|Any CPU
		{71D416F4-F6AB-4D1A-AAC8-E830E7715846}.Debug|x64.Build.0 = Debug|Any CPU
		{71D416F4-F6AB-4D1A-AAC8-E830E7715846}.Debug|x86.ActiveCfg = Debug|Any CPU
		{71D416F4-F6AB-4D1A-AAC8-E830E7715846}.Debug|x86.Build.0 = Debug|Any CPU
		{71D416F4-F6AB-4D1A-AAC8-E830E7715846}.Release|Any CPU.ActiveCfg = Release|Any CPU
		{71D416F4-F6AB-4D1A-AAC8-E830E7715846}.Release|Any CPU.Build.0 = Release|Any CPU
		{71D416F4-F6AB-4D1A-AAC8-E830E7715846}.Release|ARM.ActiveCfg = Release|Any CPU
		{71D416F4-F6AB-4D1A-AAC8-E830E7715846}.Release|ARM.Build.0 = Release|Any CPU
		{71D416F4-F6AB-4D1A-AAC8-E830E7715846}.Release|ARM64.ActiveCfg = Release|Any CPU
		{71D416F4-F6AB-4D1A-AAC8-E830E7715846}.Release|ARM64.Build.0 = Release|Any CPU
		{71D416F4-F6AB-4D1A-AAC8-E830E7715846}.Release|x64.ActiveCfg = Release|Any CPU
		{71D416F4-F6AB-4D1A-AAC8-E830E7715846}.Release|x64.Build.0 = Release|Any CPU
		{71D416F4-F6AB-4D1A-AAC8-E830E7715846}.Release|x86.ActiveCfg = Release|Any CPU
		{71D416F4-F6AB-4D1A-AAC8-E830E7715846}.Release|x86.Build.0 = Release|Any CPU
		{D0EBF708-C821-4254-BCAE-1E9CEC6B557D}.Debug|Any CPU.ActiveCfg = Debug|Any CPU
		{D0EBF708-C821-4254-BCAE-1E9CEC6B557D}.Debug|Any CPU.Build.0 = Debug|Any CPU
		{D0EBF708-C821-4254-BCAE-1E9CEC6B557D}.Debug|ARM.ActiveCfg = Debug|Any CPU
		{D0EBF708-C821-4254-BCAE-1E9CEC6B557D}.Debug|ARM.Build.0 = Debug|Any CPU
		{D0EBF708-C821-4254-BCAE-1E9CEC6B557D}.Debug|ARM64.ActiveCfg = Debug|Any CPU
		{D0EBF708-C821-4254-BCAE-1E9CEC6B557D}.Debug|ARM64.Build.0 = Debug|Any CPU
		{D0EBF708-C821-4254-BCAE-1E9CEC6B557D}.Debug|x64.ActiveCfg = Debug|Any CPU
		{D0EBF708-C821-4254-BCAE-1E9CEC6B557D}.Debug|x64.Build.0 = Debug|Any CPU
		{D0EBF708-C821-4254-BCAE-1E9CEC6B557D}.Debug|x86.ActiveCfg = Debug|Any CPU
		{D0EBF708-C821-4254-BCAE-1E9CEC6B557D}.Debug|x86.Build.0 = Debug|Any CPU
		{D0EBF708-C821-4254-BCAE-1E9CEC6B557D}.Release|Any CPU.ActiveCfg = Release|Any CPU
		{D0EBF708-C821-4254-BCAE-1E9CEC6B557D}.Release|Any CPU.Build.0 = Release|Any CPU
		{D0EBF708-C821-4254-BCAE-1E9CEC6B557D}.Release|ARM.ActiveCfg = Release|Any CPU
		{D0EBF708-C821-4254-BCAE-1E9CEC6B557D}.Release|ARM.Build.0 = Release|Any CPU
		{D0EBF708-C821-4254-BCAE-1E9CEC6B557D}.Release|ARM64.ActiveCfg = Release|Any CPU
		{D0EBF708-C821-4254-BCAE-1E9CEC6B557D}.Release|ARM64.Build.0 = Release|Any CPU
		{D0EBF708-C821-4254-BCAE-1E9CEC6B557D}.Release|x64.ActiveCfg = Release|Any CPU
		{D0EBF708-C821-4254-BCAE-1E9CEC6B557D}.Release|x64.Build.0 = Release|Any CPU
		{D0EBF708-C821-4254-BCAE-1E9CEC6B557D}.Release|x86.ActiveCfg = Release|Any CPU
		{D0EBF708-C821-4254-BCAE-1E9CEC6B557D}.Release|x86.Build.0 = Release|Any CPU
		{83700483-358A-4B86-B695-4331AE4BC6F6}.Debug|Any CPU.ActiveCfg = Debug|Any CPU
		{83700483-358A-4B86-B695-4331AE4BC6F6}.Debug|Any CPU.Build.0 = Debug|Any CPU
		{83700483-358A-4B86-B695-4331AE4BC6F6}.Debug|ARM.ActiveCfg = Debug|Any CPU
		{83700483-358A-4B86-B695-4331AE4BC6F6}.Debug|ARM.Build.0 = Debug|Any CPU
		{83700483-358A-4B86-B695-4331AE4BC6F6}.Debug|ARM64.ActiveCfg = Debug|Any CPU
		{83700483-358A-4B86-B695-4331AE4BC6F6}.Debug|ARM64.Build.0 = Debug|Any CPU
		{83700483-358A-4B86-B695-4331AE4BC6F6}.Debug|x64.ActiveCfg = Debug|Any CPU
		{83700483-358A-4B86-B695-4331AE4BC6F6}.Debug|x64.Build.0 = Debug|Any CPU
		{83700483-358A-4B86-B695-4331AE4BC6F6}.Debug|x86.ActiveCfg = Debug|Any CPU
		{83700483-358A-4B86-B695-4331AE4BC6F6}.Debug|x86.Build.0 = Debug|Any CPU
		{83700483-358A-4B86-B695-4331AE4BC6F6}.Release|Any CPU.ActiveCfg = Release|Any CPU
		{83700483-358A-4B86-B695-4331AE4BC6F6}.Release|Any CPU.Build.0 = Release|Any CPU
		{83700483-358A-4B86-B695-4331AE4BC6F6}.Release|ARM.ActiveCfg = Release|Any CPU
		{83700483-358A-4B86-B695-4331AE4BC6F6}.Release|ARM.Build.0 = Release|Any CPU
		{83700483-358A-4B86-B695-4331AE4BC6F6}.Release|ARM64.ActiveCfg = Release|Any CPU
		{83700483-358A-4B86-B695-4331AE4BC6F6}.Release|ARM64.Build.0 = Release|Any CPU
		{83700483-358A-4B86-B695-4331AE4BC6F6}.Release|x64.ActiveCfg = Release|Any CPU
		{83700483-358A-4B86-B695-4331AE4BC6F6}.Release|x64.Build.0 = Release|Any CPU
		{83700483-358A-4B86-B695-4331AE4BC6F6}.Release|x86.ActiveCfg = Release|Any CPU
		{83700483-358A-4B86-B695-4331AE4BC6F6}.Release|x86.Build.0 = Release|Any CPU
		{040F64CA-A474-4594-8615-1684144B6104}.Debug|Any CPU.ActiveCfg = Debug|Any CPU
		{040F64CA-A474-4594-8615-1684144B6104}.Debug|Any CPU.Build.0 = Debug|Any CPU
		{040F64CA-A474-4594-8615-1684144B6104}.Debug|ARM.ActiveCfg = Debug|Any CPU
		{040F64CA-A474-4594-8615-1684144B6104}.Debug|ARM.Build.0 = Debug|Any CPU
		{040F64CA-A474-4594-8615-1684144B6104}.Debug|ARM64.ActiveCfg = Debug|Any CPU
		{040F64CA-A474-4594-8615-1684144B6104}.Debug|ARM64.Build.0 = Debug|Any CPU
		{040F64CA-A474-4594-8615-1684144B6104}.Debug|x64.ActiveCfg = Debug|Any CPU
		{040F64CA-A474-4594-8615-1684144B6104}.Debug|x64.Build.0 = Debug|Any CPU
		{040F64CA-A474-4594-8615-1684144B6104}.Debug|x86.ActiveCfg = Debug|Any CPU
		{040F64CA-A474-4594-8615-1684144B6104}.Debug|x86.Build.0 = Debug|Any CPU
		{040F64CA-A474-4594-8615-1684144B6104}.Release|Any CPU.ActiveCfg = Release|Any CPU
		{040F64CA-A474-4594-8615-1684144B6104}.Release|Any CPU.Build.0 = Release|Any CPU
		{040F64CA-A474-4594-8615-1684144B6104}.Release|ARM.ActiveCfg = Release|Any CPU
		{040F64CA-A474-4594-8615-1684144B6104}.Release|ARM.Build.0 = Release|Any CPU
		{040F64CA-A474-4594-8615-1684144B6104}.Release|ARM64.ActiveCfg = Release|Any CPU
		{040F64CA-A474-4594-8615-1684144B6104}.Release|ARM64.Build.0 = Release|Any CPU
		{040F64CA-A474-4594-8615-1684144B6104}.Release|x64.ActiveCfg = Release|Any CPU
		{040F64CA-A474-4594-8615-1684144B6104}.Release|x64.Build.0 = Release|Any CPU
		{040F64CA-A474-4594-8615-1684144B6104}.Release|x86.ActiveCfg = Release|Any CPU
		{040F64CA-A474-4594-8615-1684144B6104}.Release|x86.Build.0 = Release|Any CPU
		{978B9A3D-4F16-4E47-9D54-0EF41CD87410}.Debug|Any CPU.ActiveCfg = Debug|Any CPU
		{978B9A3D-4F16-4E47-9D54-0EF41CD87410}.Debug|Any CPU.Build.0 = Debug|Any CPU
		{978B9A3D-4F16-4E47-9D54-0EF41CD87410}.Debug|ARM.ActiveCfg = Debug|Any CPU
		{978B9A3D-4F16-4E47-9D54-0EF41CD87410}.Debug|ARM.Build.0 = Debug|Any CPU
		{978B9A3D-4F16-4E47-9D54-0EF41CD87410}.Debug|ARM64.ActiveCfg = Debug|Any CPU
		{978B9A3D-4F16-4E47-9D54-0EF41CD87410}.Debug|ARM64.Build.0 = Debug|Any CPU
		{978B9A3D-4F16-4E47-9D54-0EF41CD87410}.Debug|x64.ActiveCfg = Debug|Any CPU
		{978B9A3D-4F16-4E47-9D54-0EF41CD87410}.Debug|x64.Build.0 = Debug|Any CPU
		{978B9A3D-4F16-4E47-9D54-0EF41CD87410}.Debug|x86.ActiveCfg = Debug|Any CPU
		{978B9A3D-4F16-4E47-9D54-0EF41CD87410}.Debug|x86.Build.0 = Debug|Any CPU
		{978B9A3D-4F16-4E47-9D54-0EF41CD87410}.Release|Any CPU.ActiveCfg = Release|Any CPU
		{978B9A3D-4F16-4E47-9D54-0EF41CD87410}.Release|Any CPU.Build.0 = Release|Any CPU
		{978B9A3D-4F16-4E47-9D54-0EF41CD87410}.Release|ARM.ActiveCfg = Release|Any CPU
		{978B9A3D-4F16-4E47-9D54-0EF41CD87410}.Release|ARM.Build.0 = Release|Any CPU
		{978B9A3D-4F16-4E47-9D54-0EF41CD87410}.Release|ARM64.ActiveCfg = Release|Any CPU
		{978B9A3D-4F16-4E47-9D54-0EF41CD87410}.Release|ARM64.Build.0 = Release|Any CPU
		{978B9A3D-4F16-4E47-9D54-0EF41CD87410}.Release|x64.ActiveCfg = Release|Any CPU
		{978B9A3D-4F16-4E47-9D54-0EF41CD87410}.Release|x64.Build.0 = Release|Any CPU
		{978B9A3D-4F16-4E47-9D54-0EF41CD87410}.Release|x86.ActiveCfg = Release|Any CPU
		{978B9A3D-4F16-4E47-9D54-0EF41CD87410}.Release|x86.Build.0 = Release|Any CPU
		{855AA01A-93F2-4B17-AED7-26FFEB2137B3}.Debug|Any CPU.ActiveCfg = Debug|Any CPU
		{855AA01A-93F2-4B17-AED7-26FFEB2137B3}.Debug|Any CPU.Build.0 = Debug|Any CPU
		{855AA01A-93F2-4B17-AED7-26FFEB2137B3}.Debug|ARM.ActiveCfg = Debug|Any CPU
		{855AA01A-93F2-4B17-AED7-26FFEB2137B3}.Debug|ARM.Build.0 = Debug|Any CPU
		{855AA01A-93F2-4B17-AED7-26FFEB2137B3}.Debug|ARM64.ActiveCfg = Debug|Any CPU
		{855AA01A-93F2-4B17-AED7-26FFEB2137B3}.Debug|ARM64.Build.0 = Debug|Any CPU
		{855AA01A-93F2-4B17-AED7-26FFEB2137B3}.Debug|x64.ActiveCfg = Debug|Any CPU
		{855AA01A-93F2-4B17-AED7-26FFEB2137B3}.Debug|x64.Build.0 = Debug|Any CPU
		{855AA01A-93F2-4B17-AED7-26FFEB2137B3}.Debug|x86.ActiveCfg = Debug|Any CPU
		{855AA01A-93F2-4B17-AED7-26FFEB2137B3}.Debug|x86.Build.0 = Debug|Any CPU
		{855AA01A-93F2-4B17-AED7-26FFEB2137B3}.Release|Any CPU.ActiveCfg = Release|Any CPU
		{855AA01A-93F2-4B17-AED7-26FFEB2137B3}.Release|Any CPU.Build.0 = Release|Any CPU
		{855AA01A-93F2-4B17-AED7-26FFEB2137B3}.Release|ARM.ActiveCfg = Release|Any CPU
		{855AA01A-93F2-4B17-AED7-26FFEB2137B3}.Release|ARM.Build.0 = Release|Any CPU
		{855AA01A-93F2-4B17-AED7-26FFEB2137B3}.Release|ARM64.ActiveCfg = Release|Any CPU
		{855AA01A-93F2-4B17-AED7-26FFEB2137B3}.Release|ARM64.Build.0 = Release|Any CPU
		{855AA01A-93F2-4B17-AED7-26FFEB2137B3}.Release|x64.ActiveCfg = Release|Any CPU
		{855AA01A-93F2-4B17-AED7-26FFEB2137B3}.Release|x64.Build.0 = Release|Any CPU
		{855AA01A-93F2-4B17-AED7-26FFEB2137B3}.Release|x86.ActiveCfg = Release|Any CPU
		{855AA01A-93F2-4B17-AED7-26FFEB2137B3}.Release|x86.Build.0 = Release|Any CPU
	EndGlobalSection
	GlobalSection(SolutionProperties) = preSolution
		HideSolutionNode = FALSE
	EndGlobalSection
	GlobalSection(NestedProjects) = preSolution
		{769CE728-B850-4B6B-AD87-ABD05A8A5BAA} = {03EB4ADB-B0E3-45EB-904A-32E1EB9B8777}
		{D0EBF708-C821-4254-BCAE-1E9CEC6B557D} = {03EB4ADB-B0E3-45EB-904A-32E1EB9B8777}
		{978B9A3D-4F16-4E47-9D54-0EF41CD87410} = {03EB4ADB-B0E3-45EB-904A-32E1EB9B8777}
		{855AA01A-93F2-4B17-AED7-26FFEB2137B3} = {03EB4ADB-B0E3-45EB-904A-32E1EB9B8777}
	EndGlobalSection
	GlobalSection(ExtensibilityGlobals) = postSolution
		SolutionGuid = {BF212340-648E-4354-9971-28172A755350}
	EndGlobalSection
EndGlobal
